
Microsoft Visual Studio Solution File, Format Version 12.00
# Visual Studio 2012
Project("{FAE04EC0-301F-11D3-BF4B-00C04F79EFBC}") = "LinearSpanGenerator", "LinearSpanGenerator\LinearSpanGenerator.csproj", "{B2C7F8F0-090A-45E2-9D72-F8911F7283D2}"
EndProject
Global
	GlobalSection(SolutionConfigurationPlatforms) = preSolution
		Debug|Any CPU = Debug|Any CPU
		Release|Any CPU = Release|Any CPU
	EndGlobalSection
	GlobalSection(ProjectConfigurationPlatforms) = postSolution
		{B2C7F8F0-090A-45E2-9D72-F8911F7283D2}.Debug|Any CPU.ActiveCfg = Debug|Any CPU
		{B2C7F8F0-090A-45E2-9D72-F8911F7283D2}.Debug|Any CPU.Build.0 = Debug|Any CPU
		{B2C7F8F0-090A-45E2-9D72-F8911F7283D2}.Release|Any CPU.ActiveCfg = Release|Any CPU
		{B2C7F8F0-090A-45E2-9D72-F8911F7283D2}.Release|Any CPU.Build.0 = Release|Any CPU
	EndGlobalSection
	GlobalSection(SolutionProperties) = preSolution
		HideSolutionNode = FALSE
	EndGlobalSection
EndGlobal
